// !$*UTF8*$!
{
	archiveVersion = 1;
	classes = {
	};
	objectVersion = 46;
	objects = {

/* Begin PBXBuildFile section */
		7D5D1AD51AE2C8E90051EEF6 /* ObjectUser.m in Sources */ = {isa = PBXBuildFile; fileRef = 7D5D1AD41AE2C8E90051EEF6 /* ObjectUser.m */; };
		7D5D1AD71AE2C9F60051EEF6 /* blank.png in Resources */ = {isa = PBXBuildFile; fileRef = 7D5D1AD61AE2C9F50051EEF6 /* blank.png */; };
		7D5D1ADA1AE2CA060051EEF6 /* JW.png in Resources */ = {isa = PBXBuildFile; fileRef = 7D5D1AD81AE2CA060051EEF6 /* JW.png */; };
		7D5D1ADB1AE2CA060051EEF6 /* YS.png in Resources */ = {isa = PBXBuildFile; fileRef = 7D5D1AD91AE2CA060051EEF6 /* YS.png */; };
		7D5D1ADE1AE2CCF30051EEF6 /* walk_3.txt in Resources */ = {isa = PBXBuildFile; fileRef = 7D5D1ADC1AE2CCF30051EEF6 /* walk_3.txt */; };
		7D5D1ADF1AE2CCF30051EEF6 /* walk_5.txt in Resources */ = {isa = PBXBuildFile; fileRef = 7D5D1ADD1AE2CCF30051EEF6 /* walk_5.txt */; };
		7DEA24451AE2C4CF001EB476 /* FBSDKCoreKit.framework in Frameworks */ = {isa = PBXBuildFile; fileRef = 7DEA24421AE2C4CF001EB476 /* FBSDKCoreKit.framework */; };
		7DEA24461AE2C4CF001EB476 /* FBSDKLoginKit.framework in Frameworks */ = {isa = PBXBuildFile; fileRef = 7DEA24431AE2C4CF001EB476 /* FBSDKLoginKit.framework */; };
		7DEA24471AE2C4CF001EB476 /* FBSDKShareKit.framework in Frameworks */ = {isa = PBXBuildFile; fileRef = 7DEA24441AE2C4CF001EB476 /* FBSDKShareKit.framework */; };
		7DEA24571AE2C82B001EB476 /* SingletonAccelerator.m in Sources */ = {isa = PBXBuildFile; fileRef = 7DEA244A1AE2C82B001EB476 /* SingletonAccelerator.m */; };
		7DEA24581AE2C82B001EB476 /* SingletonGPS.m in Sources */ = {isa = PBXBuildFile; fileRef = 7DEA244C1AE2C82B001EB476 /* SingletonGPS.m */; };
		7DEA24591AE2C82B001EB476 /* GlobalResources.m in Sources */ = {isa = PBXBuildFile; fileRef = 7DEA244E1AE2C82B001EB476 /* GlobalResources.m */; };
		7DEA245A1AE2C82B001EB476 /* ObjectMap.m in Sources */ = {isa = PBXBuildFile; fileRef = 7DEA24501AE2C82B001EB476 /* ObjectMap.m */; };
		7DEA245B1AE2C82B001EB476 /* ObjectMapRouteView.m in Sources */ = {isa = PBXBuildFile; fileRef = 7DEA24521AE2C82B001EB476 /* ObjectMapRouteView.m */; };
		7DEA245C1AE2C82B001EB476 /* CSMapAnnotation.m in Sources */ = {isa = PBXBuildFile; fileRef = 7DEA24541AE2C82B001EB476 /* CSMapAnnotation.m */; };
		7DEA245D1AE2C82B001EB476 /* CSImageAnnotationView.m in Sources */ = {isa = PBXBuildFile; fileRef = 7DEA24561AE2C82B001EB476 /* CSImageAnnotationView.m */; };
		A43C0C0D1AE2B434006EEC33 /* UserInfor.m in Sources */ = {isa = PBXBuildFile; fileRef = A43C0C0C1AE2B434006EEC33 /* UserInfor.m */; };
		A43C0C121AE2BB60006EEC33 /* image3.jpg in Resources */ = {isa = PBXBuildFile; fileRef = A43C0C0E1AE2BB60006EEC33 /* image3.jpg */; };
		A43C0C131AE2BB60006EEC33 /* image4.jpg in Resources */ = {isa = PBXBuildFile; fileRef = A43C0C0F1AE2BB60006EEC33 /* image4.jpg */; };
		A43C0C141AE2BB60006EEC33 /* image2.jpg in Resources */ = {isa = PBXBuildFile; fileRef = A43C0C101AE2BB60006EEC33 /* image2.jpg */; };
		A43C0C151AE2BB60006EEC33 /* image1.jpg in Resources */ = {isa = PBXBuildFile; fileRef = A43C0C111AE2BB60006EEC33 /* image1.jpg */; };
		A476D8971AE2545100623126 /* ProfileVC.m in Sources */ = {isa = PBXBuildFile; fileRef = A476D8961AE2545100623126 /* ProfileVC.m */; };
		A476D89A1AE2547200623126 /* PlanListVC.m in Sources */ = {isa = PBXBuildFile; fileRef = A476D8991AE2547200623126 /* PlanListVC.m */; };
		A476D89D1AE2548C00623126 /* HistoryVC.m in Sources */ = {isa = PBXBuildFile; fileRef = A476D89C1AE2548C00623126 /* HistoryVC.m */; };
		A476D8A01AE254A400623126 /* FriendListVC.m in Sources */ = {isa = PBXBuildFile; fileRef = A476D89F1AE254A400623126 /* FriendListVC.m */; };
		A476D8A81AE2550600623126 /* EventVC.m in Sources */ = {isa = PBXBuildFile; fileRef = A476D8A71AE2550600623126 /* EventVC.m */; };
		A476D8AB1AE2551F00623126 /* RidingMapVC.m in Sources */ = {isa = PBXBuildFile; fileRef = A476D8AA1AE2551F00623126 /* RidingMapVC.m */; };
		A476D8AE1AE2553900623126 /* StatisticVC.m in Sources */ = {isa = PBXBuildFile; fileRef = A476D8AD1AE2553900623126 /* StatisticVC.m */; };
		A476D8B51AE26E8900623126 /* NewEventVC.m in Sources */ = {isa = PBXBuildFile; fileRef = A476D8B41AE26E8900623126 /* NewEventVC.m */; };
		A476D8B81AE26EED00623126 /* FriendForEventVC.m in Sources */ = {isa = PBXBuildFile; fileRef = A476D8B71AE26EED00623126 /* FriendForEventVC.m */; };
		A476D8BD1AE27F7800623126 /* login.jpg in Resources */ = {isa = PBXBuildFile; fileRef = A476D8BC1AE27F7800623126 /* login.jpg */; };
		A476D8C01AE2829C00623126 /* TabVC.m in Sources */ = {isa = PBXBuildFile; fileRef = A476D8BF1AE2829C00623126 /* TabVC.m */; };
		A4E041011AE249CD00FC634E /* main.m in Sources */ = {isa = PBXBuildFile; fileRef = A4E041001AE249CD00FC634E /* main.m */; };
		A4E041041AE249CD00FC634E /* AppDelegate.m in Sources */ = {isa = PBXBuildFile; fileRef = A4E041031AE249CD00FC634E /* AppDelegate.m */; };
		A4E041071AE249CD00FC634E /* ViewController.m in Sources */ = {isa = PBXBuildFile; fileRef = A4E041061AE249CD00FC634E /* ViewController.m */; };
		A4E0410A1AE249CD00FC634E /* Main.storyboard in Resources */ = {isa = PBXBuildFile; fileRef = A4E041081AE249CD00FC634E /* Main.storyboard */; };
		A4E0410C1AE249CD00FC634E /* Images.xcassets in Resources */ = {isa = PBXBuildFile; fileRef = A4E0410B1AE249CD00FC634E /* Images.xcassets */; };
		A4E0410F1AE249CD00FC634E /* LaunchScreen.xib in Resources */ = {isa = PBXBuildFile; fileRef = A4E0410D1AE249CD00FC634E /* LaunchScreen.xib */; };
		A4E0411B1AE249CD00FC634E /* BikingTogetherTests.m in Sources */ = {isa = PBXBuildFile; fileRef = A4E0411A1AE249CD00FC634E /* BikingTogetherTests.m */; };
/* End PBXBuildFile section */

/* Begin PBXContainerItemProxy section */
		A4E041151AE249CD00FC634E /* PBXContainerItemProxy */ = {
			isa = PBXContainerItemProxy;
			containerPortal = A4E040F31AE249CD00FC634E /* Project object */;
			proxyType = 1;
			remoteGlobalIDString = A4E040FA1AE249CD00FC634E;
			remoteInfo = BikingTogether;
		};
/* End PBXContainerItemProxy section */

/* Begin PBXFileReference section */
		7D5D1AD31AE2C8E90051EEF6 /* ObjectUser.h */ = {isa = PBXFileReference; fileEncoding = 4; lastKnownFileType = sourcecode.c.h; path = ObjectUser.h; sourceTree = "<group>"; };
		7D5D1AD41AE2C8E90051EEF6 /* ObjectUser.m */ = {isa = PBXFileReference; fileEncoding = 4; lastKnownFileType = sourcecode.c.objc; path = ObjectUser.m; sourceTree = "<group>"; };
		7D5D1AD61AE2C9F50051EEF6 /* blank.png */ = {isa = PBXFileReference; lastKnownFileType = image.png; path = blank.png; sourceTree = "<group>"; };
		7D5D1AD81AE2CA060051EEF6 /* JW.png */ = {isa = PBXFileReference; lastKnownFileType = image.png; path = JW.png; sourceTree = "<group>"; };
		7D5D1AD91AE2CA060051EEF6 /* YS.png */ = {isa = PBXFileReference; lastKnownFileType = image.png; path = YS.png; sourceTree = "<group>"; };
		7D5D1ADC1AE2CCF30051EEF6 /* walk_3.txt */ = {isa = PBXFileReference; fileEncoding = 4; lastKnownFileType = text; path = walk_3.txt; sourceTree = "<group>"; };
		7D5D1ADD1AE2CCF30051EEF6 /* walk_5.txt */ = {isa = PBXFileReference; fileEncoding = 4; lastKnownFileType = text; path = walk_5.txt; sourceTree = "<group>"; };
		7DEA24421AE2C4CF001EB476 /* FBSDKCoreKit.framework */ = {isa = PBXFileReference; lastKnownFileType = wrapper.framework; name = FBSDKCoreKit.framework; path = ../../../../Documents/FacebookSDK/FBSDKCoreKit.framework; sourceTree = "<group>"; };
		7DEA24431AE2C4CF001EB476 /* FBSDKLoginKit.framework */ = {isa = PBXFileReference; lastKnownFileType = wrapper.framework; name = FBSDKLoginKit.framework; path = ../../../../Documents/FacebookSDK/FBSDKLoginKit.framework; sourceTree = "<group>"; };
		7DEA24441AE2C4CF001EB476 /* FBSDKShareKit.framework */ = {isa = PBXFileReference; lastKnownFileType = wrapper.framework; name = FBSDKShareKit.framework; path = ../../../../Documents/FacebookSDK/FBSDKShareKit.framework; sourceTree = "<group>"; };
		7DEA24491AE2C82B001EB476 /* SingletonAccelerator.h */ = {isa = PBXFileReference; fileEncoding = 4; lastKnownFileType = sourcecode.c.h; path = SingletonAccelerator.h; sourceTree = "<group>"; };
		7DEA244A1AE2C82B001EB476 /* SingletonAccelerator.m */ = {isa = PBXFileReference; fileEncoding = 4; lastKnownFileType = sourcecode.c.objc; path = SingletonAccelerator.m; sourceTree = "<group>"; };
		7DEA244B1AE2C82B001EB476 /* SingletonGPS.h */ = {isa = PBXFileReference; fileEncoding = 4; lastKnownFileType = sourcecode.c.h; path = SingletonGPS.h; sourceTree = "<group>"; };
		7DEA244C1AE2C82B001EB476 /* SingletonGPS.m */ = {isa = PBXFileReference; fileEncoding = 4; lastKnownFileType = sourcecode.c.objc; path = SingletonGPS.m; sourceTree = "<group>"; };
		7DEA244D1AE2C82B001EB476 /* GlobalResources.h */ = {isa = PBXFileReference; fileEncoding = 4; lastKnownFileType = sourcecode.c.h; path = GlobalResources.h; sourceTree = "<group>"; };
		7DEA244E1AE2C82B001EB476 /* GlobalResources.m */ = {isa = PBXFileReference; fileEncoding = 4; lastKnownFileType = sourcecode.c.objc; path = GlobalResources.m; sourceTree = "<group>"; };
		7DEA244F1AE2C82B001EB476 /* ObjectMap.h */ = {isa = PBXFileReference; fileEncoding = 4; lastKnownFileType = sourcecode.c.h; path = ObjectMap.h; sourceTree = "<group>"; };
		7DEA24501AE2C82B001EB476 /* ObjectMap.m */ = {isa = PBXFileReference; fileEncoding = 4; lastKnownFileType = sourcecode.c.objc; path = ObjectMap.m; sourceTree = "<group>"; };
		7DEA24511AE2C82B001EB476 /* ObjectMapRouteView.h */ = {isa = PBXFileReference; fileEncoding = 4; lastKnownFileType = sourcecode.c.h; path = ObjectMapRouteView.h; sourceTree = "<group>"; };
		7DEA24521AE2C82B001EB476 /* ObjectMapRouteView.m */ = {isa = PBXFileReference; fileEncoding = 4; lastKnownFileType = sourcecode.c.objc; path = ObjectMapRouteView.m; sourceTree = "<group>"; };
		7DEA24531AE2C82B001EB476 /* CSMapAnnotation.h */ = {isa = PBXFileReference; fileEncoding = 4; lastKnownFileType = sourcecode.c.h; path = CSMapAnnotation.h; sourceTree = "<group>"; };
		7DEA24541AE2C82B001EB476 /* CSMapAnnotation.m */ = {isa = PBXFileReference; fileEncoding = 4; lastKnownFileType = sourcecode.c.objc; path = CSMapAnnotation.m; sourceTree = "<group>"; };
		7DEA24551AE2C82B001EB476 /* CSImageAnnotationView.h */ = {isa = PBXFileReference; fileEncoding = 4; lastKnownFileType = sourcecode.c.h; path = CSImageAnnotationView.h; sourceTree = "<group>"; };
		7DEA24561AE2C82B001EB476 /* CSImageAnnotationView.m */ = {isa = PBXFileReference; fileEncoding = 4; lastKnownFileType = sourcecode.c.objc; path = CSImageAnnotationView.m; sourceTree = "<group>"; };
		A43C0C0B1AE2B434006EEC33 /* UserInfor.h */ = {isa = PBXFileReference; fileEncoding = 4; lastKnownFileType = sourcecode.c.h; path = UserInfor.h; sourceTree = "<group>"; };
		A43C0C0C1AE2B434006EEC33 /* UserInfor.m */ = {isa = PBXFileReference; fileEncoding = 4; lastKnownFileType = sourcecode.c.objc; path = UserInfor.m; sourceTree = "<group>"; };
		A43C0C0E1AE2BB60006EEC33 /* image3.jpg */ = {isa = PBXFileReference; lastKnownFileType = image.jpeg; path = image3.jpg; sourceTree = "<group>"; };
		A43C0C0F1AE2BB60006EEC33 /* image4.jpg */ = {isa = PBXFileReference; lastKnownFileType = image.jpeg; path = image4.jpg; sourceTree = "<group>"; };
		A43C0C101AE2BB60006EEC33 /* image2.jpg */ = {isa = PBXFileReference; lastKnownFileType = image.jpeg; path = image2.jpg; sourceTree = "<group>"; };
		A43C0C111AE2BB60006EEC33 /* image1.jpg */ = {isa = PBXFileReference; lastKnownFileType = image.jpeg; path = image1.jpg; sourceTree = "<group>"; };
		A476D8951AE2545100623126 /* ProfileVC.h */ = {isa = PBXFileReference; fileEncoding = 4; lastKnownFileType = sourcecode.c.h; path = ProfileVC.h; sourceTree = "<group>"; };
		A476D8961AE2545100623126 /* ProfileVC.m */ = {isa = PBXFileReference; fileEncoding = 4; lastKnownFileType = sourcecode.c.objc; path = ProfileVC.m; sourceTree = "<group>"; };
		A476D8981AE2547200623126 /* PlanListVC.h */ = {isa = PBXFileReference; fileEncoding = 4; lastKnownFileType = sourcecode.c.h; path = PlanListVC.h; sourceTree = "<group>"; };
		A476D8991AE2547200623126 /* PlanListVC.m */ = {isa = PBXFileReference; fileEncoding = 4; lastKnownFileType = sourcecode.c.objc; path = PlanListVC.m; sourceTree = "<group>"; };
		A476D89B1AE2548C00623126 /* HistoryVC.h */ = {isa = PBXFileReference; fileEncoding = 4; lastKnownFileType = sourcecode.c.h; path = HistoryVC.h; sourceTree = "<group>"; };
		A476D89C1AE2548C00623126 /* HistoryVC.m */ = {isa = PBXFileReference; fileEncoding = 4; lastKnownFileType = sourcecode.c.objc; path = HistoryVC.m; sourceTree = "<group>"; };
		A476D89E1AE254A400623126 /* FriendListVC.h */ = {isa = PBXFileReference; fileEncoding = 4; lastKnownFileType = sourcecode.c.h; path = FriendListVC.h; sourceTree = "<group>"; };
		A476D89F1AE254A400623126 /* FriendListVC.m */ = {isa = PBXFileReference; fileEncoding = 4; lastKnownFileType = sourcecode.c.objc; path = FriendListVC.m; sourceTree = "<group>"; };
		A476D8A61AE2550600623126 /* EventVC.h */ = {isa = PBXFileReference; fileEncoding = 4; lastKnownFileType = sourcecode.c.h; path = EventVC.h; sourceTree = "<group>"; };
		A476D8A71AE2550600623126 /* EventVC.m */ = {isa = PBXFileReference; fileEncoding = 4; lastKnownFileType = sourcecode.c.objc; path = EventVC.m; sourceTree = "<group>"; };
		A476D8A91AE2551F00623126 /* RidingMapVC.h */ = {isa = PBXFileReference; fileEncoding = 4; lastKnownFileType = sourcecode.c.h; path = RidingMapVC.h; sourceTree = "<group>"; };
		A476D8AA1AE2551F00623126 /* RidingMapVC.m */ = {isa = PBXFileReference; fileEncoding = 4; lastKnownFileType = sourcecode.c.objc; path = RidingMapVC.m; sourceTree = "<group>"; };
		A476D8AC1AE2553900623126 /* StatisticVC.h */ = {isa = PBXFileReference; fileEncoding = 4; lastKnownFileType = sourcecode.c.h; path = StatisticVC.h; sourceTree = "<group>"; };
		A476D8AD1AE2553900623126 /* StatisticVC.m */ = {isa = PBXFileReference; fileEncoding = 4; lastKnownFileType = sourcecode.c.objc; path = StatisticVC.m; sourceTree = "<group>"; };
		A476D8B31AE26E8900623126 /* NewEventVC.h */ = {isa = PBXFileReference; fileEncoding = 4; lastKnownFileType = sourcecode.c.h; path = NewEventVC.h; sourceTree = "<group>"; };
		A476D8B41AE26E8900623126 /* NewEventVC.m */ = {isa = PBXFileReference; fileEncoding = 4; lastKnownFileType = sourcecode.c.objc; path = NewEventVC.m; sourceTree = "<group>"; };
		A476D8B61AE26EED00623126 /* FriendForEventVC.h */ = {isa = PBXFileReference; fileEncoding = 4; lastKnownFileType = sourcecode.c.h; path = FriendForEventVC.h; sourceTree = "<group>"; };
		A476D8B71AE26EED00623126 /* FriendForEventVC.m */ = {isa = PBXFileReference; fileEncoding = 4; lastKnownFileType = sourcecode.c.objc; path = FriendForEventVC.m; sourceTree = "<group>"; };
		A476D8BC1AE27F7800623126 /* login.jpg */ = {isa = PBXFileReference; lastKnownFileType = image.jpeg; path = login.jpg; sourceTree = "<group>"; };
		A476D8BE1AE2829C00623126 /* TabVC.h */ = {isa = PBXFileReference; fileEncoding = 4; lastKnownFileType = sourcecode.c.h; path = TabVC.h; sourceTree = "<group>"; };
		A476D8BF1AE2829C00623126 /* TabVC.m */ = {isa = PBXFileReference; fileEncoding = 4; lastKnownFileType = sourcecode.c.objc; path = TabVC.m; sourceTree = "<group>"; };
		A4E040FB1AE249CD00FC634E /* BikingTogether.app */ = {isa = PBXFileReference; explicitFileType = wrapper.application; includeInIndex = 0; path = BikingTogether.app; sourceTree = BUILT_PRODUCTS_DIR; };
		A4E040FF1AE249CD00FC634E /* Info.plist */ = {isa = PBXFileReference; lastKnownFileType = text.plist.xml; path = Info.plist; sourceTree = "<group>"; };
		A4E041001AE249CD00FC634E /* main.m */ = {isa = PBXFileReference; lastKnownFileType = sourcecode.c.objc; path = main.m; sourceTree = "<group>"; };
		A4E041021AE249CD00FC634E /* AppDelegate.h */ = {isa = PBXFileReference; lastKnownFileType = sourcecode.c.h; path = AppDelegate.h; sourceTree = "<group>"; };
		A4E041031AE249CD00FC634E /* AppDelegate.m */ = {isa = PBXFileReference; lastKnownFileType = sourcecode.c.objc; path = AppDelegate.m; sourceTree = "<group>"; };
		A4E041051AE249CD00FC634E /* ViewController.h */ = {isa = PBXFileReference; lastKnownFileType = sourcecode.c.h; path = ViewController.h; sourceTree = "<group>"; };
		A4E041061AE249CD00FC634E /* ViewController.m */ = {isa = PBXFileReference; lastKnownFileType = sourcecode.c.objc; path = ViewController.m; sourceTree = "<group>"; };
		A4E041091AE249CD00FC634E /* Base */ = {isa = PBXFileReference; lastKnownFileType = file.storyboard; name = Base; path = Base.lproj/Main.storyboard; sourceTree = "<group>"; };
		A4E0410B1AE249CD00FC634E /* Images.xcassets */ = {isa = PBXFileReference; lastKnownFileType = folder.assetcatalog; path = Images.xcassets; sourceTree = "<group>"; };
		A4E0410E1AE249CD00FC634E /* Base */ = {isa = PBXFileReference; lastKnownFileType = file.xib; name = Base; path = Base.lproj/LaunchScreen.xib; sourceTree = "<group>"; };
		A4E041141AE249CD00FC634E /* BikingTogetherTests.xctest */ = {isa = PBXFileReference; explicitFileType = wrapper.cfbundle; includeInIndex = 0; path = BikingTogetherTests.xctest; sourceTree = BUILT_PRODUCTS_DIR; };
		A4E041191AE249CD00FC634E /* Info.plist */ = {isa = PBXFileReference; lastKnownFileType = text.plist.xml; path = Info.plist; sourceTree = "<group>"; };
		A4E0411A1AE249CD00FC634E /* BikingTogetherTests.m */ = {isa = PBXFileReference; lastKnownFileType = sourcecode.c.objc; path = BikingTogetherTests.m; sourceTree = "<group>"; };
/* End PBXFileReference section */

/* Begin PBXFrameworksBuildPhase section */
		A4E040F81AE249CD00FC634E /* Frameworks */ = {
			isa = PBXFrameworksBuildPhase;
			buildActionMask = 2147483647;
			files = (
				7DEA24461AE2C4CF001EB476 /* FBSDKLoginKit.framework in Frameworks */,
				7DEA24451AE2C4CF001EB476 /* FBSDKCoreKit.framework in Frameworks */,
				7DEA24471AE2C4CF001EB476 /* FBSDKShareKit.framework in Frameworks */,
			);
			runOnlyForDeploymentPostprocessing = 0;
		};
		A4E041111AE249CD00FC634E /* Frameworks */ = {
			isa = PBXFrameworksBuildPhase;
			buildActionMask = 2147483647;
			files = (
			);
			runOnlyForDeploymentPostprocessing = 0;
		};
/* End PBXFrameworksBuildPhase section */

/* Begin PBXGroup section */
		7D5D1AD21AE2C8CA0051EEF6 /* Map Objects */ = {
			isa = PBXGroup;
			children = (
				7DEA244F1AE2C82B001EB476 /* ObjectMap.h */,
				7DEA24501AE2C82B001EB476 /* ObjectMap.m */,
				7DEA24511AE2C82B001EB476 /* ObjectMapRouteView.h */,
				7DEA24521AE2C82B001EB476 /* ObjectMapRouteView.m */,
				7DEA24531AE2C82B001EB476 /* CSMapAnnotation.h */,
				7DEA24541AE2C82B001EB476 /* CSMapAnnotation.m */,
				7DEA24551AE2C82B001EB476 /* CSImageAnnotationView.h */,
				7DEA24561AE2C82B001EB476 /* CSImageAnnotationView.m */,
			);
			name = "Map Objects";
			sourceTree = "<group>";
		};
		7D5D1AE01AE2CCF80051EEF6 /* TestData */ = {
			isa = PBXGroup;
			children = (
				7D5D1ADC1AE2CCF30051EEF6 /* walk_3.txt */,
				7D5D1ADD1AE2CCF30051EEF6 /* walk_5.txt */,
			);
			name = TestData;
			sourceTree = "<group>";
		};
		7DEA24481AE2C815001EB476 /* Classes */ = {
			isa = PBXGroup;
			children = (
				7DEA24491AE2C82B001EB476 /* SingletonAccelerator.h */,
				7DEA244A1AE2C82B001EB476 /* SingletonAccelerator.m */,
				7DEA244B1AE2C82B001EB476 /* SingletonGPS.h */,
				7DEA244C1AE2C82B001EB476 /* SingletonGPS.m */,
				7DEA244D1AE2C82B001EB476 /* GlobalResources.h */,
				7DEA244E1AE2C82B001EB476 /* GlobalResources.m */,
				7D5D1AD21AE2C8CA0051EEF6 /* Map Objects */,
				7D5D1AE01AE2CCF80051EEF6 /* TestData */,
				7D5D1AD31AE2C8E90051EEF6 /* ObjectUser.h */,
				7D5D1AD41AE2C8E90051EEF6 /* ObjectUser.m */,
			);
			name = Classes;
			sourceTree = "<group>";
		};
		A476D8A51AE254E900623126 /* tabVCs */ = {
			isa = PBXGroup;
			children = (
				A476D8951AE2545100623126 /* ProfileVC.h */,
				A476D8961AE2545100623126 /* ProfileVC.m */,
				A476D8981AE2547200623126 /* PlanListVC.h */,
				A476D8991AE2547200623126 /* PlanListVC.m */,
				A476D89B1AE2548C00623126 /* HistoryVC.h */,
				A476D89C1AE2548C00623126 /* HistoryVC.m */,
				A476D89E1AE254A400623126 /* FriendListVC.h */,
				A476D89F1AE254A400623126 /* FriendListVC.m */,
			);
			name = tabVCs;
			sourceTree = "<group>";
		};
		A476D8AF1AE2554200623126 /* 2nd level VCs */ = {
			isa = PBXGroup;
			children = (
				A476D8B31AE26E8900623126 /* NewEventVC.h */,
				A476D8B41AE26E8900623126 /* NewEventVC.m */,
				A476D8A61AE2550600623126 /* EventVC.h */,
				A476D8A71AE2550600623126 /* EventVC.m */,
				A476D8B61AE26EED00623126 /* FriendForEventVC.h */,
				A476D8B71AE26EED00623126 /* FriendForEventVC.m */,
				A476D8A91AE2551F00623126 /* RidingMapVC.h */,
				A476D8AA1AE2551F00623126 /* RidingMapVC.m */,
				A476D8AC1AE2553900623126 /* StatisticVC.h */,
				A476D8AD1AE2553900623126 /* StatisticVC.m */,
			);
			name = "2nd level VCs";
			sourceTree = "<group>";
		};
		A476D8C91AE284F200623126 /* images */ = {
			isa = PBXGroup;
			children = (
				A43C0C0E1AE2BB60006EEC33 /* image3.jpg */,
				A43C0C0F1AE2BB60006EEC33 /* image4.jpg */,
				A43C0C101AE2BB60006EEC33 /* image2.jpg */,
				A43C0C111AE2BB60006EEC33 /* image1.jpg */,
				A476D8BC1AE27F7800623126 /* login.jpg */,
				7D5D1AD61AE2C9F50051EEF6 /* blank.png */,
				7D5D1AD81AE2CA060051EEF6 /* JW.png */,
				7D5D1AD91AE2CA060051EEF6 /* YS.png */,
			);
			name = images;
			sourceTree = "<group>";
		};
		A4E040F21AE249CD00FC634E = {
			isa = PBXGroup;
			children = (
				A4E040FD1AE249CD00FC634E /* BikingTogether */,
				A4E041171AE249CD00FC634E /* BikingTogetherTests */,
				A4E040FC1AE249CD00FC634E /* Products */,
				7DEA24421AE2C4CF001EB476 /* FBSDKCoreKit.framework */,
				7DEA24431AE2C4CF001EB476 /* FBSDKLoginKit.framework */,
				7DEA24441AE2C4CF001EB476 /* FBSDKShareKit.framework */,
			);
			sourceTree = "<group>";
		};
		A4E040FC1AE249CD00FC634E /* Products */ = {
			isa = PBXGroup;
			children = (
				A4E040FB1AE249CD00FC634E /* BikingTogether.app */,
				A4E041141AE249CD00FC634E /* BikingTogetherTests.xctest */,
			);
			name = Products;
			sourceTree = "<group>";
		};
		A4E040FD1AE249CD00FC634E /* BikingTogether */ = {
			isa = PBXGroup;
			children = (
				A43C0C0B1AE2B434006EEC33 /* UserInfor.h */,
				A43C0C0C1AE2B434006EEC33 /* UserInfor.m */,
				A4E041021AE249CD00FC634E /* AppDelegate.h */,
				A4E041031AE249CD00FC634E /* AppDelegate.m */,
				A4E041081AE249CD00FC634E /* Main.storyboard */,
				A4E041051AE249CD00FC634E /* ViewController.h */,
				A4E041061AE249CD00FC634E /* ViewController.m */,
				A476D8BE1AE2829C00623126 /* TabVC.h */,
				A476D8BF1AE2829C00623126 /* TabVC.m */,
				A476D8A51AE254E900623126 /* tabVCs */,
				A476D8AF1AE2554200623126 /* 2nd level VCs */,
				7DEA24481AE2C815001EB476 /* Classes */,
				A4E0410B1AE249CD00FC634E /* Images.xcassets */,
				A476D8C91AE284F200623126 /* images */,
				A4E0410D1AE249CD00FC634E /* LaunchScreen.xib */,
				A4E040FE1AE249CD00FC634E /* Supporting Files */,
			);
			path = BikingTogether;
			sourceTree = "<group>";
		};
		A4E040FE1AE249CD00FC634E /* Supporting Files */ = {
			isa = PBXGroup;
			children = (
				A4E040FF1AE249CD00FC634E /* Info.plist */,
				A4E041001AE249CD00FC634E /* main.m */,
			);
			name = "Supporting Files";
			sourceTree = "<group>";
		};
		A4E041171AE249CD00FC634E /* BikingTogetherTests */ = {
			isa = PBXGroup;
			children = (
				A4E0411A1AE249CD00FC634E /* BikingTogetherTests.m */,
				A4E041181AE249CD00FC634E /* Supporting Files */,
			);
			path = BikingTogetherTests;
			sourceTree = "<group>";
		};
		A4E041181AE249CD00FC634E /* Supporting Files */ = {
			isa = PBXGroup;
			children = (
				A4E041191AE249CD00FC634E /* Info.plist */,
			);
			name = "Supporting Files";
			sourceTree = "<group>";
		};
/* End PBXGroup section */

/* Begin PBXNativeTarget section */
		A4E040FA1AE249CD00FC634E /* BikingTogether */ = {
			isa = PBXNativeTarget;
			buildConfigurationList = A4E0411E1AE249CD00FC634E /* Build configuration list for PBXNativeTarget "BikingTogether" */;
			buildPhases = (
				A4E040F71AE249CD00FC634E /* Sources */,
				A4E040F81AE249CD00FC634E /* Frameworks */,
				A4E040F91AE249CD00FC634E /* Resources */,
			);
			buildRules = (
			);
			dependencies = (
			);
			name = BikingTogether;
			productName = BikingTogether;
			productReference = A4E040FB1AE249CD00FC634E /* BikingTogether.app */;
			productType = "com.apple.product-type.application";
		};
		A4E041131AE249CD00FC634E /* BikingTogetherTests */ = {
			isa = PBXNativeTarget;
			buildConfigurationList = A4E041211AE249CD00FC634E /* Build configuration list for PBXNativeTarget "BikingTogetherTests" */;
			buildPhases = (
				A4E041101AE249CD00FC634E /* Sources */,
				A4E041111AE249CD00FC634E /* Frameworks */,
				A4E041121AE249CD00FC634E /* Resources */,
			);
			buildRules = (
			);
			dependencies = (
				A4E041161AE249CD00FC634E /* PBXTargetDependency */,
			);
			name = BikingTogetherTests;
			productName = BikingTogetherTests;
			productReference = A4E041141AE249CD00FC634E /* BikingTogetherTests.xctest */;
			productType = "com.apple.product-type.bundle.unit-test";
		};
/* End PBXNativeTarget section */

/* Begin PBXProject section */
		A4E040F31AE249CD00FC634E /* Project object */ = {
			isa = PBXProject;
			attributes = {
				LastUpgradeCheck = 0620;
				ORGANIZATIONNAME = Hackathon;
				TargetAttributes = {
					A4E040FA1AE249CD00FC634E = {
						CreatedOnToolsVersion = 6.2;
					};
					A4E041131AE249CD00FC634E = {
						CreatedOnToolsVersion = 6.2;
						TestTargetID = A4E040FA1AE249CD00FC634E;
					};
				};
			};
			buildConfigurationList = A4E040F61AE249CD00FC634E /* Build configuration list for PBXProject "BikingTogether" */;
			compatibilityVersion = "Xcode 3.2";
			developmentRegion = English;
			hasScannedForEncodings = 0;
			knownRegions = (
				en,
				Base,
			);
			mainGroup = A4E040F21AE249CD00FC634E;
			productRefGroup = A4E040FC1AE249CD00FC634E /* Products */;
			projectDirPath = "";
			projectRoot = "";
			targets = (
				A4E040FA1AE249CD00FC634E /* BikingTogether */,
				A4E041131AE249CD00FC634E /* BikingTogetherTests */,
			);
		};
/* End PBXProject section */

/* Begin PBXResourcesBuildPhase section */
		A4E040F91AE249CD00FC634E /* Resources */ = {
			isa = PBXResourcesBuildPhase;
			buildActionMask = 2147483647;
			files = (
				7D5D1ADA1AE2CA060051EEF6 /* JW.png in Resources */,
				7D5D1ADF1AE2CCF30051EEF6 /* walk_5.txt in Resources */,
				7D5D1ADB1AE2CA060051EEF6 /* YS.png in Resources */,
				A4E0410A1AE249CD00FC634E /* Main.storyboard in Resources */,
				A43C0C121AE2BB60006EEC33 /* image3.jpg in Resources */,
				7D5D1AD71AE2C9F60051EEF6 /* blank.png in Resources */,
				7D5D1ADE1AE2CCF30051EEF6 /* walk_3.txt in Resources */,
				A43C0C131AE2BB60006EEC33 /* image4.jpg in Resources */,
				A476D8BD1AE27F7800623126 /* login.jpg in Resources */,
				A4E0410F1AE249CD00FC634E /* LaunchScreen.xib in Resources */,
				A43C0C151AE2BB60006EEC33 /* image1.jpg in Resources */,
				A4E0410C1AE249CD00FC634E /* Images.xcassets in Resources */,
				A43C0C141AE2BB60006EEC33 /* image2.jpg in Resources */,
			);
			runOnlyForDeploymentPostprocessing = 0;
		};
		A4E041121AE249CD00FC634E /* Resources */ = {
			isa = PBXResourcesBuildPhase;
			buildActionMask = 2147483647;
			files = (
			);
			runOnlyForDeploymentPostprocessing = 0;
		};
/* End PBXResourcesBuildPhase section */

/* Begin PBXSourcesBuildPhase section */
		A4E040F71AE249CD00FC634E /* Sources */ = {
			isa = PBXSourcesBuildPhase;
			buildActionMask = 2147483647;
			files = (
				7DEA24571AE2C82B001EB476 /* SingletonAccelerator.m in Sources */,
				A476D8AE1AE2553900623126 /* StatisticVC.m in Sources */,
				7DEA245D1AE2C82B001EB476 /* CSImageAnnotationView.m in Sources */,
				A43C0C0D1AE2B434006EEC33 /* UserInfor.m in Sources */,
				7DEA245A1AE2C82B001EB476 /* ObjectMap.m in Sources */,
				7D5D1AD51AE2C8E90051EEF6 /* ObjectUser.m in Sources */,
				A476D89A1AE2547200623126 /* PlanListVC.m in Sources */,
				A476D8971AE2545100623126 /* ProfileVC.m in Sources */,
				A4E041071AE249CD00FC634E /* ViewController.m in Sources */,
				7DEA24581AE2C82B001EB476 /* SingletonGPS.m in Sources */,
				7DEA245B1AE2C82B001EB476 /* ObjectMapRouteView.m in Sources */,
				A476D8C01AE2829C00623126 /* TabVC.m in Sources */,
				A476D8A81AE2550600623126 /* EventVC.m in Sources */,
				A476D8A01AE254A400623126 /* FriendListVC.m in Sources */,
				A476D89D1AE2548C00623126 /* HistoryVC.m in Sources */,
				A476D8B81AE26EED00623126 /* FriendForEventVC.m in Sources */,
				A476D8AB1AE2551F00623126 /* RidingMapVC.m in Sources */,
				A476D8B51AE26E8900623126 /* NewEventVC.m in Sources */,
				7DEA24591AE2C82B001EB476 /* GlobalResources.m in Sources */,
				A4E041041AE249CD00FC634E /* AppDelegate.m in Sources */,
				A4E041011AE249CD00FC634E /* main.m in Sources */,
				7DEA245C1AE2C82B001EB476 /* CSMapAnnotation.m in Sources */,
			);
			runOnlyForDeploymentPostprocessing = 0;
		};
		A4E041101AE249CD00FC634E /* Sources */ = {
			isa = PBXSourcesBuildPhase;
			buildActionMask = 2147483647;
			files = (
				A4E0411B1AE249CD00FC634E /* BikingTogetherTests.m in Sources */,
			);
			runOnlyForDeploymentPostprocessing = 0;
		};
/* End PBXSourcesBuildPhase section */

/* Begin PBXTargetDependency section */
		A4E041161AE249CD00FC634E /* PBXTargetDependency */ = {
			isa = PBXTargetDependency;
			target = A4E040FA1AE249CD00FC634E /* BikingTogether */;
			targetProxy = A4E041151AE249CD00FC634E /* PBXContainerItemProxy */;
		};
/* End PBXTargetDependency section */

/* Begin PBXVariantGroup section */
		A4E041081AE249CD00FC634E /* Main.storyboard */ = {
			isa = PBXVariantGroup;
			children = (
				A4E041091AE249CD00FC634E /* Base */,
			);
			name = Main.storyboard;
			sourceTree = "<group>";
		};
		A4E0410D1AE249CD00FC634E /* LaunchScreen.xib */ = {
			isa = PBXVariantGroup;
			children = (
				A4E0410E1AE249CD00FC634E /* Base */,
			);
			name = LaunchScreen.xib;
			sourceTree = "<group>";
		};
/* End PBXVariantGroup section */

/* Begin XCBuildConfiguration section */
		A4E0411C1AE249CD00FC634E /* Debug */ = {
			isa = XCBuildConfiguration;
			buildSettings = {
				ALWAYS_SEARCH_USER_PATHS = NO;
				CLANG_CXX_LANGUAGE_STANDARD = "gnu++0x";
				CLANG_CXX_LIBRARY = "libc++";
				CLANG_ENABLE_MODULES = YES;
				CLANG_ENABLE_OBJC_ARC = YES;
				CLANG_WARN_BOOL_CONVERSION = YES;
				CLANG_WARN_CONSTANT_CONVERSION = YES;
				CLANG_WARN_DIRECT_OBJC_ISA_USAGE = YES_ERROR;
				CLANG_WARN_EMPTY_BODY = YES;
				CLANG_WARN_ENUM_CONVERSION = YES;
				CLANG_WARN_INT_CONVERSION = YES;
				CLANG_WARN_OBJC_ROOT_CLASS = YES_ERROR;
				CLANG_WARN_UNREACHABLE_CODE = YES;
				CLANG_WARN__DUPLICATE_METHOD_MATCH = YES;
				"CODE_SIGN_IDENTITY[sdk=iphoneos*]" = "iPhone Developer";
				COPY_PHASE_STRIP = NO;
				ENABLE_STRICT_OBJC_MSGSEND = YES;
				GCC_C_LANGUAGE_STANDARD = gnu99;
				GCC_DYNAMIC_NO_PIC = NO;
				GCC_OPTIMIZATION_LEVEL = 0;
				GCC_PREPROCESSOR_DEFINITIONS = (
					"DEBUG=1",
					"$(inherited)",
				);
				GCC_SYMBOLS_PRIVATE_EXTERN = NO;
				GCC_WARN_64_TO_32_BIT_CONVERSION = YES;
				GCC_WARN_ABOUT_RETURN_TYPE = YES_ERROR;
				GCC_WARN_UNDECLARED_SELECTOR = YES;
				GCC_WARN_UNINITIALIZED_AUTOS = YES_AGGRESSIVE;
				GCC_WARN_UNUSED_FUNCTION = YES;
				GCC_WARN_UNUSED_VARIABLE = YES;
				IPHONEOS_DEPLOYMENT_TARGET = 8.2;
				MTL_ENABLE_DEBUG_INFO = YES;
				ONLY_ACTIVE_ARCH = YES;
				SDKROOT = iphoneos;
			};
			name = Debug;
		};
		A4E0411D1AE249CD00FC634E /* Release */ = {
			isa = XCBuildConfiguration;
			buildSettings = {
				ALWAYS_SEARCH_USER_PATHS = NO;
				CLANG_CXX_LANGUAGE_STANDARD = "gnu++0x";
				CLANG_CXX_LIBRARY = "libc++";
				CLANG_ENABLE_MODULES = YES;
				CLANG_ENABLE_OBJC_ARC = YES;
				CLANG_WARN_BOOL_CONVERSION = YES;
				CLANG_WARN_CONSTANT_CONVERSION = YES;
				CLANG_WARN_DIRECT_OBJC_ISA_USAGE = YES_ERROR;
				CLANG_WARN_EMPTY_BODY = YES;
				CLANG_WARN_ENUM_CONVERSION = YES;
				CLANG_WARN_INT_CONVERSION = YES;
				CLANG_WARN_OBJC_ROOT_CLASS = YES_ERROR;
				CLANG_WARN_UNREACHABLE_CODE = YES;
				CLANG_WARN__DUPLICATE_METHOD_MATCH = YES;
				"CODE_SIGN_IDENTITY[sdk=iphoneos*]" = "iPhone Developer";
				COPY_PHASE_STRIP = NO;
				ENABLE_NS_ASSERTIONS = NO;
				ENABLE_STRICT_OBJC_MSGSEND = YES;
				GCC_C_LANGUAGE_STANDARD = gnu99;
				GCC_WARN_64_TO_32_BIT_CONVERSION = YES;
				GCC_WARN_ABOUT_RETURN_TYPE = YES_ERROR;
				GCC_WARN_UNDECLARED_SELECTOR = YES;
				GCC_WARN_UNINITIALIZED_AUTOS = YES_AGGRESSIVE;
				GCC_WARN_UNUSED_FUNCTION = YES;
				GCC_WARN_UNUSED_VARIABLE = YES;
				IPHONEOS_DEPLOYMENT_TARGET = 8.2;
				MTL_ENABLE_DEBUG_INFO = NO;
				SDKROOT = iphoneos;
				VALIDATE_PRODUCT = YES;
			};
			name = Release;
		};
		A4E0411F1AE249CD00FC634E /* Debug */ = {
			isa = XCBuildConfiguration;
			buildSettings = {
				ASSETCATALOG_COMPILER_APPICON_NAME = AppIcon;
				FRAMEWORK_SEARCH_PATHS = (
					"$(inherited)",
					/Users/tyxqiean/Documents/FacebookSDK,
					/Users/jackwong1old/Documents/FacebookSDK,
				);
				INFOPLIST_FILE = BikingTogether/Info.plist;
				IPHONEOS_DEPLOYMENT_TARGET = 8.1;
				LD_RUNPATH_SEARCH_PATHS = "$(inherited) @executable_path/Frameworks";
				OTHER_LDFLAGS = "-ObjC";
				PRODUCT_NAME = "$(TARGET_NAME)";
			};
			name = Debug;
		};
		A4E041201AE249CD00FC634E /* Release */ = {
			isa = XCBuildConfiguration;
			buildSettings = {
				ASSETCATALOG_COMPILER_APPICON_NAME = AppIcon;
				FRAMEWORK_SEARCH_PATHS = (
					"$(inherited)",
					/Users/tyxqiean/Documents/FacebookSDK,
					/Users/jackwong1old/Documents/FacebookSDK,
				);
				INFOPLIST_FILE = BikingTogether/Info.plist;
				IPHONEOS_DEPLOYMENT_TARGET = 8.1;
				LD_RUNPATH_SEARCH_PATHS = "$(inherited) @executable_path/Frameworks";
				OTHER_LDFLAGS = "-ObjC";
				PRODUCT_NAME = "$(TARGET_NAME)";
			};
			name = Release;
		};
		A4E041221AE249CD00FC634E /* Debug */ = {
			isa = XCBuildConfiguration;
			buildSettings = {
				BUNDLE_LOADER = "$(TEST_HOST)";
				FRAMEWORK_SEARCH_PATHS = (
					"$(SDKROOT)/Developer/Library/Frameworks",
					"$(inherited)",
				);
				GCC_PREPROCESSOR_DEFINITIONS = (
					"DEBUG=1",
					"$(inherited)",
				);
				INFOPLIST_FILE = BikingTogetherTests/Info.plist;
				LD_RUNPATH_SEARCH_PATHS = "$(inherited) @executable_path/Frameworks @loader_path/Frameworks";
				PRODUCT_NAME = "$(TARGET_NAME)";
				TEST_HOST = "$(BUILT_PRODUCTS_DIR)/BikingTogether.app/BikingTogether";
			};
			name = Debug;
		};
		A4E041231AE249CD00FC634E /* Release */ = {
			isa = XCBuildConfiguration;
			buildSettings = {
				BUNDLE_LOADER = "$(TEST_HOST)";
				FRAMEWORK_SEARCH_PATHS = (
					"$(SDKROOT)/Developer/Library/Frameworks",
					"$(inherited)",
				);
				INFOPLIST_FILE = BikingTogetherTests/Info.plist;
				LD_RUNPATH_SEARCH_PATHS = "$(inherited) @executable_path/Frameworks @loader_path/Frameworks";
				PRODUCT_NAME = "$(TARGET_NAME)";
				TEST_HOST = "$(BUILT_PRODUCTS_DIR)/BikingTogether.app/BikingTogether";
			};
			name = Release;
		};
/* End XCBuildConfiguration section */

/* Begin XCConfigurationList section */
		A4E040F61AE249CD00FC634E /* Build configuration list for PBXProject "BikingTogether" */ = {
			isa = XCConfigurationList;
			buildConfigurations = (
				A4E0411C1AE249CD00FC634E /* Debug */,
				A4E0411D1AE249CD00FC634E /* Release */,
			);
			defaultConfigurationIsVisible = 0;
			defaultConfigurationName = Release;
		};
		A4E0411E1AE249CD00FC634E /* Build configuration list for PBXNativeTarget "BikingTogether" */ = {
			isa = XCConfigurationList;
			buildConfigurations = (
				A4E0411F1AE249CD00FC634E /* Debug */,
				A4E041201AE249CD00FC634E /* Release */,
			);
			defaultConfigurationIsVisible = 0;
			defaultConfigurationName = Release;
		};
		A4E041211AE249CD00FC634E /* Build configuration list for PBXNativeTarget "BikingTogetherTests" */ = {
			isa = XCConfigurationList;
			buildConfigurations = (
				A4E041221AE249CD00FC634E /* Debug */,
				A4E041231AE249CD00FC634E /* Release */,
			);
			defaultConfigurationIsVisible = 0;
			defaultConfigurationName = Release;
		};
/* End XCConfigurationList section */
	};
	rootObject = A4E040F31AE249CD00FC634E /* Project object */;
}
